{
  "name": "mern-auth",
  "lockfileVersion": 3,
  "requires": true,
  "packages": {},
  "scripts": {
    "build": "npm install --prefix server && npm install --prefix client && npm run build --prefix client",
    "start": "npm run start --prefix server",
    "dev": "vite",
    "lint": "eslint .",
    "preview": "vite preview"
  }
}
